// !$*UTF8*$!
{
	archiveVersion = 1;
	classes = {
	};
	objectVersion = 50;
	objects = {

/* Begin PBXBuildFile section */
		54ABEC579A9B8A47CB0E0675 /* Pods_JsonLogic_Try.framework in Frameworks */ = {isa = PBXBuildFile; fileRef = D98EEACDB014AD6FAB3AA727 /* Pods_JsonLogic_Try.framework */; };
		7696D0EA75C31FCA239B5509 /* Pods_JsonLogic_TryTests.framework in Frameworks */ = {isa = PBXBuildFile; fileRef = 78E693A8E04B98D3AA59BD67 /* Pods_JsonLogic_TryTests.framework */; };
		C0E2F66323A5632B00520607 /* AppDelegate.swift in Sources */ = {isa = PBXBuildFile; fileRef = C0E2F66223A5632B00520607 /* AppDelegate.swift */; };
		C0E2F66523A5632B00520607 /* SceneDelegate.swift in Sources */ = {isa = PBXBuildFile; fileRef = C0E2F66423A5632B00520607 /* SceneDelegate.swift */; };
		C0E2F66723A5632B00520607 /* ViewController.swift in Sources */ = {isa = PBXBuildFile; fileRef = C0E2F66623A5632B00520607 /* ViewController.swift */; };
		C0E2F66A23A5632B00520607 /* Main.storyboard in Resources */ = {isa = PBXBuildFile; fileRef = C0E2F66823A5632B00520607 /* Main.storyboard */; };
		C0E2F66C23A5632D00520607 /* Assets.xcassets in Resources */ = {isa = PBXBuildFile; fileRef = C0E2F66B23A5632D00520607 /* Assets.xcassets */; };
		C0E2F66F23A5632D00520607 /* LaunchScreen.storyboard in Resources */ = {isa = PBXBuildFile; fileRef = C0E2F66D23A5632D00520607 /* LaunchScreen.storyboard */; };
		C0E2F67A23A5632D00520607 /* JsonLogic_TryTests.swift in Sources */ = {isa = PBXBuildFile; fileRef = C0E2F67923A5632D00520607 /* JsonLogic_TryTests.swift */; };
/* End PBXBuildFile section */

/* Begin PBXContainerItemProxy section */
		C0E2F67623A5632D00520607 /* PBXContainerItemProxy */ = {
			isa = PBXContainerItemProxy;
			containerPortal = C0E2F65723A5632B00520607 /* Project object */;
			proxyType = 1;
			remoteGlobalIDString = C0E2F65E23A5632B00520607;
			remoteInfo = "JsonLogic-Try";
		};
/* End PBXContainerItemProxy section */

/* Begin PBXFileReference section */
		049D146782059F4084ADDF81 /* Pods-JsonLogic-TryTests.debug.xcconfig */ = {isa = PBXFileReference; includeInIndex = 1; lastKnownFileType = text.xcconfig; name = "Pods-JsonLogic-TryTests.debug.xcconfig"; path = "Target Support Files/Pods-JsonLogic-TryTests/Pods-JsonLogic-TryTests.debug.xcconfig"; sourceTree = "<group>"; };
		78E693A8E04B98D3AA59BD67 /* Pods_JsonLogic_TryTests.framework */ = {isa = PBXFileReference; explicitFileType = wrapper.framework; includeInIndex = 0; path = Pods_JsonLogic_TryTests.framework; sourceTree = BUILT_PRODUCTS_DIR; };
		B89DDB016BE83ACA5584723B /* Pods-JsonLogic-Try.debug.xcconfig */ = {isa = PBXFileReference; includeInIndex = 1; lastKnownFileType = text.xcconfig; name = "Pods-JsonLogic-Try.debug.xcconfig"; path = "Target Support Files/Pods-JsonLogic-Try/Pods-JsonLogic-Try.debug.xcconfig"; sourceTree = "<group>"; };
		C0E2F65F23A5632B00520607 /* JsonLogic-Try.app */ = {isa = PBXFileReference; explicitFileType = wrapper.application; includeInIndex = 0; path = "JsonLogic-Try.app"; sourceTree = BUILT_PRODUCTS_DIR; };
		C0E2F66223A5632B00520607 /* AppDelegate.swift */ = {isa = PBXFileReference; lastKnownFileType = sourcecode.swift; path = AppDelegate.swift; sourceTree = "<group>"; };
		C0E2F66423A5632B00520607 /* SceneDelegate.swift */ = {isa = PBXFileReference; lastKnownFileType = sourcecode.swift; path = SceneDelegate.swift; sourceTree = "<group>"; };
		C0E2F66623A5632B00520607 /* ViewController.swift */ = {isa = PBXFileReference; lastKnownFileType = sourcecode.swift; path = ViewController.swift; sourceTree = "<group>"; };
		C0E2F66923A5632B00520607 /* Base */ = {isa = PBXFileReference; lastKnownFileType = file.storyboard; name = Base; path = Base.lproj/Main.storyboard; sourceTree = "<group>"; };
		C0E2F66B23A5632D00520607 /* Assets.xcassets */ = {isa = PBXFileReference; lastKnownFileType = folder.assetcatalog; path = Assets.xcassets; sourceTree = "<group>"; };
		C0E2F66E23A5632D00520607 /* Base */ = {isa = PBXFileReference; lastKnownFileType = file.storyboard; name = Base; path = Base.lproj/LaunchScreen.storyboard; sourceTree = "<group>"; };
		C0E2F67023A5632D00520607 /* Info.plist */ = {isa = PBXFileReference; lastKnownFileType = text.plist.xml; path = Info.plist; sourceTree = "<group>"; };
		C0E2F67523A5632D00520607 /* JsonLogic-TryTests.xctest */ = {isa = PBXFileReference; explicitFileType = wrapper.cfbundle; includeInIndex = 0; path = "JsonLogic-TryTests.xctest"; sourceTree = BUILT_PRODUCTS_DIR; };
		C0E2F67923A5632D00520607 /* JsonLogic_TryTests.swift */ = {isa = PBXFileReference; lastKnownFileType = sourcecode.swift; path = JsonLogic_TryTests.swift; sourceTree = "<group>"; };
		C0E2F67B23A5632D00520607 /* Info.plist */ = {isa = PBXFileReference; lastKnownFileType = text.plist.xml; path = Info.plist; sourceTree = "<group>"; };
		C3188B21458EAD621521CDF5 /* Pods-JsonLogic-TryTests.release.xcconfig */ = {isa = PBXFileReference; includeInIndex = 1; lastKnownFileType = text.xcconfig; name = "Pods-JsonLogic-TryTests.release.xcconfig"; path = "Target Support Files/Pods-JsonLogic-TryTests/Pods-JsonLogic-TryTests.release.xcconfig"; sourceTree = "<group>"; };
		D98EEACDB014AD6FAB3AA727 /* Pods_JsonLogic_Try.framework */ = {isa = PBXFileReference; explicitFileType = wrapper.framework; includeInIndex = 0; path = Pods_JsonLogic_Try.framework; sourceTree = BUILT_PRODUCTS_DIR; };
		ECC77AA970F20A81A8093341 /* Pods-JsonLogic-Try.release.xcconfig */ = {isa = PBXFileReference; includeInIndex = 1; lastKnownFileType = text.xcconfig; name = "Pods-JsonLogic-Try.release.xcconfig"; path = "Target Support Files/Pods-JsonLogic-Try/Pods-JsonLogic-Try.release.xcconfig"; sourceTree = "<group>"; };
/* End PBXFileReference section */

/* Begin PBXFrameworksBuildPhase section */
		C0E2F65C23A5632B00520607 /* Frameworks */ = {
			isa = PBXFrameworksBuildPhase;
			buildActionMask = 2147483647;
			files = (
				54ABEC579A9B8A47CB0E0675 /* Pods_JsonLogic_Try.framework in Frameworks */,
			);
			runOnlyForDeploymentPostprocessing = 0;
		};
		C0E2F67223A5632D00520607 /* Frameworks */ = {
			isa = PBXFrameworksBuildPhase;
			buildActionMask = 2147483647;
			files = (
				7696D0EA75C31FCA239B5509 /* Pods_JsonLogic_TryTests.framework in Frameworks */,
			);
			runOnlyForDeploymentPostprocessing = 0;
		};
/* End PBXFrameworksBuildPhase section */

/* Begin PBXGroup section */
		31801144B45B6A07ABF94025 /* Pods */ = {
			isa = PBXGroup;
			children = (
				B89DDB016BE83ACA5584723B /* Pods-JsonLogic-Try.debug.xcconfig */,
				ECC77AA970F20A81A8093341 /* Pods-JsonLogic-Try.release.xcconfig */,
				049D146782059F4084ADDF81 /* Pods-JsonLogic-TryTests.debug.xcconfig */,
				C3188B21458EAD621521CDF5 /* Pods-JsonLogic-TryTests.release.xcconfig */,
			);
			name = Pods;
			path = Pods;
			sourceTree = "<group>";
		};
		3E6C5A85EB7A39E01C696014 /* Frameworks */ = {
			isa = PBXGroup;
			children = (
				D98EEACDB014AD6FAB3AA727 /* Pods_JsonLogic_Try.framework */,
				78E693A8E04B98D3AA59BD67 /* Pods_JsonLogic_TryTests.framework */,
			);
			name = Frameworks;
			sourceTree = "<group>";
		};
		C0E2F65623A5632B00520607 = {
			isa = PBXGroup;
			children = (
				C0E2F66123A5632B00520607 /* JsonLogic-Try */,
				C0E2F67823A5632D00520607 /* JsonLogic-TryTests */,
				C0E2F66023A5632B00520607 /* Products */,
				31801144B45B6A07ABF94025 /* Pods */,
				3E6C5A85EB7A39E01C696014 /* Frameworks */,
			);
			sourceTree = "<group>";
		};
		C0E2F66023A5632B00520607 /* Products */ = {
			isa = PBXGroup;
			children = (
				C0E2F65F23A5632B00520607 /* JsonLogic-Try.app */,
				C0E2F67523A5632D00520607 /* JsonLogic-TryTests.xctest */,
			);
			name = Products;
			sourceTree = "<group>";
		};
		C0E2F66123A5632B00520607 /* JsonLogic-Try */ = {
			isa = PBXGroup;
			children = (
				C0E2F66223A5632B00520607 /* AppDelegate.swift */,
				C0E2F66423A5632B00520607 /* SceneDelegate.swift */,
				C0E2F66623A5632B00520607 /* ViewController.swift */,
				C0E2F66823A5632B00520607 /* Main.storyboard */,
				C0E2F66B23A5632D00520607 /* Assets.xcassets */,
				C0E2F66D23A5632D00520607 /* LaunchScreen.storyboard */,
				C0E2F67023A5632D00520607 /* Info.plist */,
			);
			path = "JsonLogic-Try";
			sourceTree = "<group>";
		};
		C0E2F67823A5632D00520607 /* JsonLogic-TryTests */ = {
			isa = PBXGroup;
			children = (
				C0E2F67923A5632D00520607 /* JsonLogic_TryTests.swift */,
				C0E2F67B23A5632D00520607 /* Info.plist */,
			);
			path = "JsonLogic-TryTests";
			sourceTree = "<group>";
		};
/* End PBXGroup section */

/* Begin PBXNativeTarget section */
		C0E2F65E23A5632B00520607 /* JsonLogic-Try */ = {
			isa = PBXNativeTarget;
			buildConfigurationList = C0E2F67E23A5632D00520607 /* Build configuration list for PBXNativeTarget "JsonLogic-Try" */;
			buildPhases = (
				E1C85DF22D4D6B6FE139A1F9 /* [CP] Check Pods Manifest.lock */,
				C0E2F65B23A5632B00520607 /* Sources */,
				C0E2F65C23A5632B00520607 /* Frameworks */,
				C0E2F65D23A5632B00520607 /* Resources */,
				0B06EFE274D8C2580BC7AE15 /* [CP] Embed Pods Frameworks */,
			);
			buildRules = (
			);
			dependencies = (
			);
			name = "JsonLogic-Try";
			productName = "JsonLogic-Try";
			productReference = C0E2F65F23A5632B00520607 /* JsonLogic-Try.app */;
			productType = "com.apple.product-type.application";
		};
		C0E2F67423A5632D00520607 /* JsonLogic-TryTests */ = {
			isa = PBXNativeTarget;
			buildConfigurationList = C0E2F68123A5632D00520607 /* Build configuration list for PBXNativeTarget "JsonLogic-TryTests" */;
			buildPhases = (
				7E0B37012CE29C4F90680790 /* [CP] Check Pods Manifest.lock */,
				C0E2F67123A5632D00520607 /* Sources */,
				C0E2F67223A5632D00520607 /* Frameworks */,
				C0E2F67323A5632D00520607 /* Resources */,
			);
			buildRules = (
			);
			dependencies = (
				C0E2F67723A5632D00520607 /* PBXTargetDependency */,
			);
			name = "JsonLogic-TryTests";
			productName = "JsonLogic-TryTests";
			productReference = C0E2F67523A5632D00520607 /* JsonLogic-TryTests.xctest */;
			productType = "com.apple.product-type.bundle.unit-test";
		};
/* End PBXNativeTarget section */

/* Begin PBXProject section */
		C0E2F65723A5632B00520607 /* Project object */ = {
			isa = PBXProject;
			attributes = {
				LastSwiftUpdateCheck = 1120;
				LastUpgradeCheck = 1120;
				ORGANIZATIONNAME = None;
				TargetAttributes = {
					C0E2F65E23A5632B00520607 = {
						CreatedOnToolsVersion = 11.2.1;
					};
					C0E2F67423A5632D00520607 = {
						CreatedOnToolsVersion = 11.2.1;
						TestTargetID = C0E2F65E23A5632B00520607;
					};
				};
			};
			buildConfigurationList = C0E2F65A23A5632B00520607 /* Build configuration list for PBXProject "JsonLogic-Try" */;
			compatibilityVersion = "Xcode 9.3";
			developmentRegion = en;
			hasScannedForEncodings = 0;
			knownRegions = (
				en,
				Base,
			);
			mainGroup = C0E2F65623A5632B00520607;
			productRefGroup = C0E2F66023A5632B00520607 /* Products */;
			projectDirPath = "";
			projectRoot = "";
			targets = (
				C0E2F65E23A5632B00520607 /* JsonLogic-Try */,
				C0E2F67423A5632D00520607 /* JsonLogic-TryTests */,
			);
		};
/* End PBXProject section */

/* Begin PBXResourcesBuildPhase section */
		C0E2F65D23A5632B00520607 /* Resources */ = {
			isa = PBXResourcesBuildPhase;
			buildActionMask = 2147483647;
			files = (
				C0E2F66F23A5632D00520607 /* LaunchScreen.storyboard in Resources */,
				C0E2F66C23A5632D00520607 /* Assets.xcassets in Resources */,
				C0E2F66A23A5632B00520607 /* Main.storyboard in Resources */,
			);
			runOnlyForDeploymentPostprocessing = 0;
		};
		C0E2F67323A5632D00520607 /* Resources */ = {
			isa = PBXResourcesBuildPhase;
			buildActionMask = 2147483647;
			files = (
			);
			runOnlyForDeploymentPostprocessing = 0;
		};
/* End PBXResourcesBuildPhase section */

/* Begin PBXShellScriptBuildPhase section */
		0B06EFE274D8C2580BC7AE15 /* [CP] Embed Pods Frameworks */ = {
			isa = PBXShellScriptBuildPhase;
			buildActionMask = 2147483647;
			files = (
			);
			inputFileListPaths = (
				"${PODS_ROOT}/Target Support Files/Pods-JsonLogic-Try/Pods-JsonLogic-Try-frameworks-${CONFIGURATION}-input-files.xcfilelist",
			);
			name = "[CP] Embed Pods Frameworks";
			outputFileListPaths = (
				"${PODS_ROOT}/Target Support Files/Pods-JsonLogic-Try/Pods-JsonLogic-Try-frameworks-${CONFIGURATION}-output-files.xcfilelist",
			);
			runOnlyForDeploymentPostprocessing = 0;
			shellPath = /bin/sh;
			shellScript = "\"${PODS_ROOT}/Target Support Files/Pods-JsonLogic-Try/Pods-JsonLogic-Try-frameworks.sh\"\n";
			showEnvVarsInLog = 0;
		};
		7E0B37012CE29C4F90680790 /* [CP] Check Pods Manifest.lock */ = {
			isa = PBXShellScriptBuildPhase;
			buildActionMask = 2147483647;
			files = (
			);
			inputFileListPaths = (
			);
			inputPaths = (
				"${PODS_PODFILE_DIR_PATH}/Podfile.lock",
				"${PODS_ROOT}/Manifest.lock",
			);
			name = "[CP] Check Pods Manifest.lock";
			outputFileListPaths = (
			);
			outputPaths = (
				"$(DERIVED_FILE_DIR)/Pods-JsonLogic-TryTests-checkManifestLockResult.txt",
			);
			runOnlyForDeploymentPostprocessing = 0;
			shellPath = /bin/sh;
			shellScript = "diff \"${PODS_PODFILE_DIR_PATH}/Podfile.lock\" \"${PODS_ROOT}/Manifest.lock\" > /dev/null\nif [ $? != 0 ] ; then\n    # print error to STDERR\n    echo \"error: The sandbox is not in sync with the Podfile.lock. Run 'pod install' or update your CocoaPods installation.\" >&2\n    exit 1\nfi\n# This output is used by Xcode 'outputs' to avoid re-running this script phase.\necho \"SUCCESS\" > \"${SCRIPT_OUTPUT_FILE_0}\"\n";
			showEnvVarsInLog = 0;
		};
		E1C85DF22D4D6B6FE139A1F9 /* [CP] Check Pods Manifest.lock */ = {
			isa = PBXShellScriptBuildPhase;
			buildActionMask = 2147483647;
			files = (
			);
			inputFileListPaths = (
			);
			inputPaths = (
				"${PODS_PODFILE_DIR_PATH}/Podfile.lock",
				"${PODS_ROOT}/Manifest.lock",
			);
			name = "[CP] Check Pods Manifest.lock";
			outputFileListPaths = (
			);
			outputPaths = (
				"$(DERIVED_FILE_DIR)/Pods-JsonLogic-Try-checkManifestLockResult.txt",
			);
			runOnlyForDeploymentPostprocessing = 0;
			shellPath = /bin/sh;
			shellScript = "diff \"${PODS_PODFILE_DIR_PATH}/Podfile.lock\" \"${PODS_ROOT}/Manifest.lock\" > /dev/null\nif [ $? != 0 ] ; then\n    # print error to STDERR\n    echo \"error: The sandbox is not in sync with the Podfile.lock. Run 'pod install' or update your CocoaPods installation.\" >&2\n    exit 1\nfi\n# This output is used by Xcode 'outputs' to avoid re-running this script phase.\necho \"SUCCESS\" > \"${SCRIPT_OUTPUT_FILE_0}\"\n";
			showEnvVarsInLog = 0;
		};
/* End PBXShellScriptBuildPhase section */

/* Begin PBXSourcesBuildPhase section */
		C0E2F65B23A5632B00520607 /* Sources */ = {
			isa = PBXSourcesBuildPhase;
			buildActionMask = 2147483647;
			files = (
				C0E2F66723A5632B00520607 /* ViewController.swift in Sources */,
				C0E2F66323A5632B00520607 /* AppDelegate.swift in Sources */,
				C0E2F66523A5632B00520607 /* SceneDelegate.swift in Sources */,
			);
			runOnlyForDeploymentPostprocessing = 0;
		};
		C0E2F67123A5632D00520607 /* Sources */ = {
			isa = PBXSourcesBuildPhase;
			buildActionMask = 2147483647;
			files = (
				C0E2F67A23A5632D00520607 /* JsonLogic_TryTests.swift in Sources */,
			);
			runOnlyForDeploymentPostprocessing = 0;
		};
/* End PBXSourcesBuildPhase section */

/* Begin PBXTargetDependency section */
		C0E2F67723A5632D00520607 /* PBXTargetDependency */ = {
			isa = PBXTargetDependency;
			target = C0E2F65E23A5632B00520607 /* JsonLogic-Try */;
			targetProxy = C0E2F67623A5632D00520607 /* PBXContainerItemProxy */;
		};
/* End PBXTargetDependency section */

/* Begin PBXVariantGroup section */
		C0E2F66823A5632B00520607 /* Main.storyboard */ = {
			isa = PBXVariantGroup;
			children = (
				C0E2F66923A5632B00520607 /* Base */,
			);
			name = Main.storyboard;
			sourceTree = "<group>";
		};
		C0E2F66D23A5632D00520607 /* LaunchScreen.storyboard */ = {
			isa = PBXVariantGroup;
			children = (
				C0E2F66E23A5632D00520607 /* Base */,
			);
			name = LaunchScreen.storyboard;
			sourceTree = "<group>";
		};
/* End PBXVariantGroup section */

/* Begin XCBuildConfiguration section */
		C0E2F67C23A5632D00520607 /* Debug */ = {
			isa = XCBuildConfiguration;
			buildSettings = {
				ALWAYS_SEARCH_USER_PATHS = NO;
				CLANG_ANALYZER_NONNULL = YES;
				CLANG_ANALYZER_NUMBER_OBJECT_CONVERSION = YES_AGGRESSIVE;
				CLANG_CXX_LANGUAGE_STANDARD = "gnu++14";
				CLANG_CXX_LIBRARY = "libc++";
				CLANG_ENABLE_MODULES = YES;
				CLANG_ENABLE_OBJC_ARC = YES;
				CLANG_ENABLE_OBJC_WEAK = YES;
				CLANG_WARN_BLOCK_CAPTURE_AUTORELEASING = YES;
				CLANG_WARN_BOOL_CONVERSION = YES;
				CLANG_WARN_COMMA = YES;
				CLANG_WARN_CONSTANT_CONVERSION = YES;
				CLANG_WARN_DEPRECATED_OBJC_IMPLEMENTATIONS = YES;
				CLANG_WARN_DIRECT_OBJC_ISA_USAGE = YES_ERROR;
				CLANG_WARN_DOCUMENTATION_COMMENTS = YES;
				CLANG_WARN_EMPTY_BODY = YES;
				CLANG_WARN_ENUM_CONVERSION = YES;
				CLANG_WARN_INFINITE_RECURSION = YES;
				CLANG_WARN_INT_CONVERSION = YES;
				CLANG_WARN_NON_LITERAL_NULL_CONVERSION = YES;
				CLANG_WARN_OBJC_IMPLICIT_RETAIN_SELF = YES;
				CLANG_WARN_OBJC_LITERAL_CONVERSION = YES;
				CLANG_WARN_OBJC_ROOT_CLASS = YES_ERROR;
				CLANG_WARN_RANGE_LOOP_ANALYSIS = YES;
				CLANG_WARN_STRICT_PROTOTYPES = YES;
				CLANG_WARN_SUSPICIOUS_MOVE = YES;
				CLANG_WARN_UNGUARDED_AVAILABILITY = YES_AGGRESSIVE;
				CLANG_WARN_UNREACHABLE_CODE = YES;
				CLANG_WARN__DUPLICATE_METHOD_MATCH = YES;
				COPY_PHASE_STRIP = NO;
				DEBUG_INFORMATION_FORMAT = dwarf;
				ENABLE_STRICT_OBJC_MSGSEND = YES;
				ENABLE_TESTABILITY = YES;
				GCC_C_LANGUAGE_STANDARD = gnu11;
				GCC_DYNAMIC_NO_PIC = NO;
				GCC_NO_COMMON_BLOCKS = YES;
				GCC_OPTIMIZATION_LEVEL = 0;
				GCC_PREPROCESSOR_DEFINITIONS = (
					"DEBUG=1",
					"$(inherited)",
				);
				GCC_WARN_64_TO_32_BIT_CONVERSION = YES;
				GCC_WARN_ABOUT_RETURN_TYPE = YES_ERROR;
				GCC_WARN_UNDECLARED_SELECTOR = YES;
				GCC_WARN_UNINITIALIZED_AUTOS = YES_AGGRESSIVE;
				GCC_WARN_UNUSED_FUNCTION = YES;
				GCC_WARN_UNUSED_VARIABLE = YES;
				IPHONEOS_DEPLOYMENT_TARGET = 13.2;
				MTL_ENABLE_DEBUG_INFO = INCLUDE_SOURCE;
				MTL_FAST_MATH = YES;
				ONLY_ACTIVE_ARCH = YES;
				SDKROOT = iphoneos;
				SWIFT_ACTIVE_COMPILATION_CONDITIONS = DEBUG;
				SWIFT_OPTIMIZATION_LEVEL = "-Onone";
			};
			name = Debug;
		};
		C0E2F67D23A5632D00520607 /* Release */ = {
			isa = XCBuildConfiguration;
			buildSettings = {
				ALWAYS_SEARCH_USER_PATHS = NO;
				CLANG_ANALYZER_NONNULL = YES;
				CLANG_ANALYZER_NUMBER_OBJECT_CONVERSION = YES_AGGRESSIVE;
				CLANG_CXX_LANGUAGE_STANDARD = "gnu++14";
				CLANG_CXX_LIBRARY = "libc++";
				CLANG_ENABLE_MODULES = YES;
				CLANG_ENABLE_OBJC_ARC = YES;
				CLANG_ENABLE_OBJC_WEAK = YES;
				CLANG_WARN_BLOCK_CAPTURE_AUTORELEASING = YES;
				CLANG_WARN_BOOL_CONVERSION = YES;
				CLANG_WARN_COMMA = YES;
				CLANG_WARN_CONSTANT_CONVERSION = YES;
				CLANG_WARN_DEPRECATED_OBJC_IMPLEMENTATIONS = YES;
				CLANG_WARN_DIRECT_OBJC_ISA_USAGE = YES_ERROR;
				CLANG_WARN_DOCUMENTATION_COMMENTS = YES;
				CLANG_WARN_EMPTY_BODY = YES;
				CLANG_WARN_ENUM_CONVERSION = YES;
				CLANG_WARN_INFINITE_RECURSION = YES;
				CLANG_WARN_INT_CONVERSION = YES;
				CLANG_WARN_NON_LITERAL_NULL_CONVERSION = YES;
				CLANG_WARN_OBJC_IMPLICIT_RETAIN_SELF = YES;
				CLANG_WARN_OBJC_LITERAL_CONVERSION = YES;
				CLANG_WARN_OBJC_ROOT_CLASS = YES_ERROR;
				CLANG_WARN_RANGE_LOOP_ANALYSIS = YES;
				CLANG_WARN_STRICT_PROTOTYPES = YES;
				CLANG_WARN_SUSPICIOUS_MOVE = YES;
				CLANG_WARN_UNGUARDED_AVAILABILITY = YES_AGGRESSIVE;
				CLANG_WARN_UNREACHABLE_CODE = YES;
				CLANG_WARN__DUPLICATE_METHOD_MATCH = YES;
				COPY_PHASE_STRIP = NO;
				DEBUG_INFORMATION_FORMAT = "dwarf-with-dsym";
				ENABLE_NS_ASSERTIONS = NO;
				ENABLE_STRICT_OBJC_MSGSEND = YES;
				GCC_C_LANGUAGE_STANDARD = gnu11;
				GCC_NO_COMMON_BLOCKS = YES;
				GCC_WARN_64_TO_32_BIT_CONVERSION = YES;
				GCC_WARN_ABOUT_RETURN_TYPE = YES_ERROR;
				GCC_WARN_UNDECLARED_SELECTOR = YES;
				GCC_WARN_UNINITIALIZED_AUTOS = YES_AGGRESSIVE;
				GCC_WARN_UNUSED_FUNCTION = YES;
				GCC_WARN_UNUSED_VARIABLE = YES;
				IPHONEOS_DEPLOYMENT_TARGET = 13.2;
				MTL_ENABLE_DEBUG_INFO = NO;
				MTL_FAST_MATH = YES;
				SDKROOT = iphoneos;
				SWIFT_COMPILATION_MODE = wholemodule;
				SWIFT_OPTIMIZATION_LEVEL = "-O";
				VALIDATE_PRODUCT = YES;
			};
			name = Release;
		};
		C0E2F67F23A5632D00520607 /* Debug */ = {
			isa = XCBuildConfiguration;
			baseConfigurationReference = B89DDB016BE83ACA5584723B /* Pods-JsonLogic-Try.debug.xcconfig */;
			buildSettings = {
				ASSETCATALOG_COMPILER_APPICON_NAME = AppIcon;
				CODE_SIGN_STYLE = Automatic;
				INFOPLIST_FILE = "JsonLogic-Try/Info.plist";
				LD_RUNPATH_SEARCH_PATHS = (
					"$(inherited)",
					"@executable_path/Frameworks",
				);
				PRODUCT_BUNDLE_IDENTIFIER = "com.prakhar.JsonLogic-Try";
				PRODUCT_NAME = "$(TARGET_NAME)";
				SWIFT_VERSION = 5.0;
				TARGETED_DEVICE_FAMILY = "1,2";
			};
			name = Debug;
		};
		C0E2F68023A5632D00520607 /* Release */ = {
			isa = XCBuildConfiguration;
			baseConfigurationReference = ECC77AA970F20A81A8093341 /* Pods-JsonLogic-Try.release.xcconfig */;
			buildSettings = {
				ASSETCATALOG_COMPILER_APPICON_NAME = AppIcon;
				CODE_SIGN_STYLE = Automatic;
				INFOPLIST_FILE = "JsonLogic-Try/Info.plist";
				LD_RUNPATH_SEARCH_PATHS = (
					"$(inherited)",
					"@executable_path/Frameworks",
				);
				PRODUCT_BUNDLE_IDENTIFIER = "com.prakhar.JsonLogic-Try";
				PRODUCT_NAME = "$(TARGET_NAME)";
				SWIFT_VERSION = 5.0;
				TARGETED_DEVICE_FAMILY = "1,2";
			};
			name = Release;
		};
		C0E2F68223A5632D00520607 /* Debug */ = {
			isa = XCBuildConfiguration;
			baseConfigurationReference = 049D146782059F4084ADDF81 /* Pods-JsonLogic-TryTests.debug.xcconfig */;
			buildSettings = {
				ALWAYS_EMBED_SWIFT_STANDARD_LIBRARIES = YES;
				BUNDLE_LOADER = "$(TEST_HOST)";
				CODE_SIGN_STYLE = Automatic;
				INFOPLIST_FILE = "JsonLogic-TryTests/Info.plist";
				IPHONEOS_DEPLOYMENT_TARGET = 13.2;
				LD_RUNPATH_SEARCH_PATHS = (
					"$(inherited)",
					"@executable_path/Frameworks",
					"@loader_path/Frameworks",
				);
				PRODUCT_BUNDLE_IDENTIFIER = "com.prakhar.JsonLogic-TryTests";
				PRODUCT_NAME = "$(TARGET_NAME)";
				SWIFT_VERSION = 5.0;
				TARGETED_DEVICE_FAMILY = "1,2";
				TEST_HOST = "$(BUILT_PRODUCTS_DIR)/JsonLogic-Try.app/JsonLogic-Try";
			};
			name = Debug;
		};
		C0E2F68323A5632D00520607 /* Release */ = {
			isa = XCBuildConfiguration;
			baseConfigurationReference = C3188B21458EAD621521CDF5 /* Pods-JsonLogic-TryTests.release.xcconfig */;
			buildSettings = {
				ALWAYS_EMBED_SWIFT_STANDARD_LIBRARIES = YES;
				BUNDLE_LOADER = "$(TEST_HOST)";
				CODE_SIGN_STYLE = Automatic;
				INFOPLIST_FILE = "JsonLogic-TryTests/Info.plist";
				IPHONEOS_DEPLOYMENT_TARGET = 13.2;
				LD_RUNPATH_SEARCH_PATHS = (
					"$(inherited)",
					"@executable_path/Frameworks",
					"@loader_path/Frameworks",
				);
				PRODUCT_BUNDLE_IDENTIFIER = "com.prakhar.JsonLogic-TryTests";
				PRODUCT_NAME = "$(TARGET_NAME)";
				SWIFT_VERSION = 5.0;
				TARGETED_DEVICE_FAMILY = "1,2";
				TEST_HOST = "$(BUILT_PRODUCTS_DIR)/JsonLogic-Try.app/JsonLogic-Try";
			};
			name = Release;
		};
/* End XCBuildConfiguration section */

/* Begin XCConfigurationList section */
		C0E2F65A23A5632B00520607 /* Build configuration list for PBXProject "JsonLogic-Try" */ = {
			isa = XCConfigurationList;
			buildConfigurations = (
				C0E2F67C23A5632D00520607 /* Debug */,
				C0E2F67D23A5632D00520607 /* Release */,
			);
			defaultConfigurationIsVisible = 0;
			defaultConfigurationName = Release;
		};
		C0E2F67E23A5632D00520607 /* Build configuration list for PBXNativeTarget "JsonLogic-Try" */ = {
			isa = XCConfigurationList;
			buildConfigurations = (
				C0E2F67F23A5632D00520607 /* Debug */,
				C0E2F68023A5632D00520607 /* Release */,
			);
			defaultConfigurationIsVisible = 0;
			defaultConfigurationName = Release;
		};
		C0E2F68123A5632D00520607 /* Build configuration list for PBXNativeTarget "JsonLogic-TryTests" */ = {
			isa = XCConfigurationList;
			buildConfigurations = (
				C0E2F68223A5632D00520607 /* Debug */,
				C0E2F68323A5632D00520607 /* Release */,
			);
			defaultConfigurationIsVisible = 0;
			defaultConfigurationName = Release;
		};
/* End XCConfigurationList section */
	};
	rootObject = C0E2F65723A5632B00520607 /* Project object */;
}
